
Microsoft Visual Studio Solution File, Format Version 12.00
# Visual Studio Version 17
VisualStudioVersion = 17.3.32901.215
MinimumVisualStudioVersion = 10.0.40219.1
Project("{FAE04EC0-301F-11D3-BF4B-00C04F79EFBC}") = "MobileConnectionLibrary", "MobileConnectionLibrary\MobileConnectionLibrary.csproj", "{314F6BE2-DE43-4EB2-8F7D-68E9F75A550C}"
EndProject
Project("{FAE04EC0-301F-11D3-BF4B-00C04F79EFBC}") = "MobileConnectionLibrary.UnitTests", "MobileConnectionLibrary.UnitTests\MobileConnectionLibrary.UnitTests.csproj", "{34A9E333-D4AC-412C-BD76-7BEFE68E004A}"
EndProject
Global
	GlobalSection(SolutionConfigurationPlatforms) = preSolution
		Debug|Any CPU = Debug|Any CPU
		Release|Any CPU = Release|Any CPU
	EndGlobalSection
	GlobalSection(ProjectConfigurationPlatforms) = postSolution
		{314F6BE2-DE43-4EB2-8F7D-68E9F75A550C}.Debug|Any CPU.ActiveCfg = Debug|Any CPU
		{314F6BE2-DE43-4EB2-8F7D-68E9F75A550C}.Debug|Any CPU.Build.0 = Debug|Any CPU
		{314F6BE2-DE43-4EB2-8F7D-68E9F75A550C}.Release|Any CPU.ActiveCfg = Release|Any CPU
		{314F6BE2-DE43-4EB2-8F7D-68E9F75A550C}.Release|Any CPU.Build.0 = Release|Any CPU
		{34A9E333-D4AC-412C-BD76-7BEFE68E004A}.Debug|Any CPU.ActiveCfg = Debug|Any CPU
		{34A9E333-D4AC-412C-BD76-7BEFE68E004A}.Debug|Any CPU.Build.0 = Debug|Any CPU
		{34A9E333-D4AC-412C-BD76-7BEFE68E004A}.Release|Any CPU.ActiveCfg = Release|Any CPU
		{34A9E333-D4AC-412C-BD76-7BEFE68E004A}.Release|Any CPU.Build.0 = Release|Any CPU
	EndGlobalSection
	GlobalSection(SolutionProperties) = preSolution
		HideSolutionNode = FALSE
	EndGlobalSection
	GlobalSection(ExtensibilityGlobals) = postSolution
		SolutionGuid = {73F6558E-376E-4D24-B43E-EBF988D109BA}
	EndGlobalSection
EndGlobal
